
Microsoft Visual Studio Solution File, Format Version 12.00
# Visual Studio Version 16
VisualStudioVersion = 16.0.29509.3
MinimumVisualStudioVersion = 10.0.40219.1
Project("{FAE04EC0-301F-11D3-BF4B-00C04F79EFBC}") = "Taksi Uygulamasi", "Taksi Uygulamasi\Taksi Uygulamasi.csproj", "{72BE8DC0-8D71-46E9-888E-B8F882D19E43}"
EndProject
Project("{FAE04EC0-301F-11D3-BF4B-00C04F79EFBC}") = "YeniKayit.DAL", "YeniKayit.DAL\YeniKayit.DAL.csproj", "{71168C68-5098-43DD-A589-9D4ACA39EE7F}"
EndProject
Project("{FAE04EC0-301F-11D3-BF4B-00C04F79EFBC}") = "NTierKayit.BLL", "NTierKayit.BLL\NTierKayit.BLL.csproj", "{071A39DC-65A4-49DC-9D43-9690111E411D}"
EndProject
Project("{FAE04EC0-301F-11D3-BF4B-00C04F79EFBC}") = "NTierKayitinForm", "NTierKayitinForm\NTierKayitinForm.csproj", "{0F59D1BF-6558-4D0D-AFCA-5B83E872A558}"
EndProject
Project("{FAE04EC0-301F-11D3-BF4B-00C04F79EFBC}") = "NtierSofor.DAL", "NtierSofor.DAL\NtierSofor.DAL.csproj", "{45CA0545-51C5-42E1-8EB1-03BD7DFE620A}"
EndProject
Project("{FAE04EC0-301F-11D3-BF4B-00C04F79EFBC}") = "NTierSofor.BLL", "NTierSofor.BLL\NTierSofor.BLL.csproj", "{577D2C5E-FDC6-4A9C-B51E-B3F58B2C8C70}"
EndProject
Project("{FAE04EC0-301F-11D3-BF4B-00C04F79EFBC}") = "NTierSoforinForm", "NTierSoforinForm\NTierSoforinForm.csproj", "{E086C459-A3DC-4F8B-9097-8879B92C8D58}"
EndProject
Project("{FAE04EC0-301F-11D3-BF4B-00C04F79EFBC}") = "NTierBakiye.DAL", "NTierBakiye.DAL\NTierBakiye.DAL.csproj", "{D7911426-A4C1-40D8-9EFD-6CA271685BA4}"
EndProject
Project("{FAE04EC0-301F-11D3-BF4B-00C04F79EFBC}") = "NtierBakiye.BLL", "NtierBakiye.BLL\NtierBakiye.BLL.csproj", "{0643465A-2461-4E84-928A-818EEFAAFC9B}"
EndProject
Project("{FAE04EC0-301F-11D3-BF4B-00C04F79EFBC}") = "NtierBakiyeWinForm", "NtierBakiyeWinForm\NtierBakiyeWinForm.csproj", "{82870CE0-705C-4F5E-84D1-6999F367F115}"
EndProject
Project("{FAE04EC0-301F-11D3-BF4B-00C04F79EFBC}") = "NTierArac.DAL", "NTierArac.DAL\NTierArac.DAL.csproj", "{4B2D7393-6A27-4FED-959E-6742974B0D21}"
EndProject
Project("{FAE04EC0-301F-11D3-BF4B-00C04F79EFBC}") = "NTierArac.BLL", "NTierArac.BLL\NTierArac.BLL.csproj", "{62D9BDFC-C7E5-4EE5-97D3-F007592AB4BB}"
EndProject
Project("{FAE04EC0-301F-11D3-BF4B-00C04F79EFBC}") = "NTierAracWinForm", "NTierAracWinForm\NTierAracWinForm.csproj", "{1188A0AC-F96E-4D9F-9D5A-309F42A4D29A}"
EndProject
Project("{FAE04EC0-301F-11D3-BF4B-00C04F79EFBC}") = "NTierAdres.DAL", "NTierAdres.DAL\NTierAdres.DAL.csproj", "{ADE61996-4664-462A-87F7-791E65CCD73C}"
EndProject
Global
	GlobalSection(SolutionConfigurationPlatforms) = preSolution
		Debug|Any CPU = Debug|Any CPU
		Release|Any CPU = Release|Any CPU
	EndGlobalSection
	GlobalSection(ProjectConfigurationPlatforms) = postSolution
		{72BE8DC0-8D71-46E9-888E-B8F882D19E43}.Debug|Any CPU.ActiveCfg = Debug|Any CPU
		{72BE8DC0-8D71-46E9-888E-B8F882D19E43}.Debug|Any CPU.Build.0 = Debug|Any CPU
		{72BE8DC0-8D71-46E9-888E-B8F882D19E43}.Release|Any CPU.ActiveCfg = Release|Any CPU
		{72BE8DC0-8D71-46E9-888E-B8F882D19E43}.Release|Any CPU.Build.0 = Release|Any CPU
		{71168C68-5098-43DD-A589-9D4ACA39EE7F}.Debug|Any CPU.ActiveCfg = Debug|Any CPU
		{71168C68-5098-43DD-A589-9D4ACA39EE7F}.Debug|Any CPU.Build.0 = Debug|Any CPU
		{71168C68-5098-43DD-A589-9D4ACA39EE7F}.Release|Any CPU.ActiveCfg = Release|Any CPU
		{71168C68-5098-43DD-A589-9D4ACA39EE7F}.Release|Any CPU.Build.0 = Release|Any CPU
		{071A39DC-65A4-49DC-9D43-9690111E411D}.Debug|Any CPU.ActiveCfg = Debug|Any CPU
		{071A39DC-65A4-49DC-9D43-9690111E411D}.Debug|Any CPU.Build.0 = Debug|Any CPU
		{071A39DC-65A4-49DC-9D43-9690111E411D}.Release|Any CPU.ActiveCfg = Release|Any CPU
		{071A39DC-65A4-49DC-9D43-9690111E411D}.Release|Any CPU.Build.0 = Release|Any CPU
		{0F59D1BF-6558-4D0D-AFCA-5B83E872A558}.Debug|Any CPU.ActiveCfg = Debug|Any CPU
		{0F59D1BF-6558-4D0D-AFCA-5B83E872A558}.Debug|Any CPU.Build.0 = Debug|Any CPU
		{0F59D1BF-6558-4D0D-AFCA-5B83E872A558}.Release|Any CPU.ActiveCfg = Release|Any CPU
		{0F59D1BF-6558-4D0D-AFCA-5B83E872A558}.Release|Any CPU.Build.0 = Release|Any CPU
		{45CA0545-51C5-42E1-8EB1-03BD7DFE620A}.Debug|Any CPU.ActiveCfg = Debug|Any CPU
		{45CA0545-51C5-42E1-8EB1-03BD7DFE620A}.Debug|Any CPU.Build.0 = Debug|Any CPU
		{45CA0545-51C5-42E1-8EB1-03BD7DFE620A}.Release|Any CPU.ActiveCfg = Release|Any CPU
		{45CA0545-51C5-42E1-8EB1-03BD7DFE620A}.Release|Any CPU.Build.0 = Release|Any CPU
		{577D2C5E-FDC6-4A9C-B51E-B3F58B2C8C70}.Debug|Any CPU.ActiveCfg = Debug|Any CPU
		{577D2C5E-FDC6-4A9C-B51E-B3F58B2C8C70}.Debug|Any CPU.Build.0 = Debug|Any CPU
		{577D2C5E-FDC6-4A9C-B51E-B3F58B2C8C70}.Release|Any CPU.ActiveCfg = Release|Any CPU
		{577D2C5E-FDC6-4A9C-B51E-B3F58B2C8C70}.Release|Any CPU.Build.0 = Release|Any CPU
		{E086C459-A3DC-4F8B-9097-8879B92C8D58}.Debug|Any CPU.ActiveCfg = Debug|Any CPU
		{E086C459-A3DC-4F8B-9097-8879B92C8D58}.Debug|Any CPU.Build.0 = Debug|Any CPU
		{E086C459-A3DC-4F8B-9097-8879B92C8D58}.Release|Any CPU.ActiveCfg = Release|Any CPU
		{E086C459-A3DC-4F8B-9097-8879B92C8D58}.Release|Any CPU.Build.0 = Release|Any CPU
		{D7911426-A4C1-40D8-9EFD-6CA271685BA4}.Debug|Any CPU.ActiveCfg = Debug|Any CPU
		{D7911426-A4C1-40D8-9EFD-6CA271685BA4}.Debug|Any CPU.Build.0 = Debug|Any CPU
		{D7911426-A4C1-40D8-9EFD-6CA271685BA4}.Release|Any CPU.ActiveCfg = Release|Any CPU
		{D7911426-A4C1-40D8-9EFD-6CA271685BA4}.Release|Any CPU.Build.0 = Release|Any CPU
		{0643465A-2461-4E84-928A-818EEFAAFC9B}.Debug|Any CPU.ActiveCfg = Debug|Any CPU
		{0643465A-2461-4E84-928A-818EEFAAFC9B}.Debug|Any CPU.Build.0 = Debug|Any CPU
		{0643465A-2461-4E84-928A-818EEFAAFC9B}.Release|Any CPU.ActiveCfg = Release|Any CPU
		{0643465A-2461-4E84-928A-818EEFAAFC9B}.Release|Any CPU.Build.0 = Release|Any CPU
		{82870CE0-705C-4F5E-84D1-6999F367F115}.Debug|Any CPU.ActiveCfg = Debug|Any CPU
		{82870CE0-705C-4F5E-84D1-6999F367F115}.Debug|Any CPU.Build.0 = Debug|Any CPU
		{82870CE0-705C-4F5E-84D1-6999F367F115}.Release|Any CPU.ActiveCfg = Release|Any CPU
		{82870CE0-705C-4F5E-84D1-6999F367F115}.Release|Any CPU.Build.0 = Release|Any CPU
		{4B2D7393-6A27-4FED-959E-6742974B0D21}.Debug|Any CPU.ActiveCfg = Debug|Any CPU
		{4B2D7393-6A27-4FED-959E-6742974B0D21}.Debug|Any CPU.Build.0 = Debug|Any CPU
		{4B2D7393-6A27-4FED-959E-6742974B0D21}.Release|Any CPU.ActiveCfg = Release|Any CPU
		{4B2D7393-6A27-4FED-959E-6742974B0D21}.Release|Any CPU.Build.0 = Release|Any CPU
		{62D9BDFC-C7E5-4EE5-97D3-F007592AB4BB}.Debug|Any CPU.ActiveCfg = Debug|Any CPU
		{62D9BDFC-C7E5-4EE5-97D3-F007592AB4BB}.Debug|Any CPU.Build.0 = Debug|Any CPU
		{62D9BDFC-C7E5-4EE5-97D3-F007592AB4BB}.Release|Any CPU.ActiveCfg = Release|Any CPU
		{62D9BDFC-C7E5-4EE5-97D3-F007592AB4BB}.Release|Any CPU.Build.0 = Release|Any CPU
		{1188A0AC-F96E-4D9F-9D5A-309F42A4D29A}.Debug|Any CPU.ActiveCfg = Debug|Any CPU
		{1188A0AC-F96E-4D9F-9D5A-309F42A4D29A}.Debug|Any CPU.Build.0 = Debug|Any CPU
		{1188A0AC-F96E-4D9F-9D5A-309F42A4D29A}.Release|Any CPU.ActiveCfg = Release|Any CPU
		{1188A0AC-F96E-4D9F-9D5A-309F42A4D29A}.Release|Any CPU.Build.0 = Release|Any CPU
		{ADE61996-4664-462A-87F7-791E65CCD73C}.Debug|Any CPU.ActiveCfg = Debug|Any CPU
		{ADE61996-4664-462A-87F7-791E65CCD73C}.Debug|Any CPU.Build.0 = Debug|Any CPU
		{ADE61996-4664-462A-87F7-791E65CCD73C}.Release|Any CPU.ActiveCfg = Release|Any CPU
		{ADE61996-4664-462A-87F7-791E65CCD73C}.Release|Any CPU.Build.0 = Release|Any CPU
	EndGlobalSection
	GlobalSection(SolutionProperties) = preSolution
		HideSolutionNode = FALSE
	EndGlobalSection
	GlobalSection(ExtensibilityGlobals) = postSolution
		SolutionGuid = {B54135C1-ABF9-44E3-A565-8C94A087A7C4}
	EndGlobalSection
EndGlobal
